
Microsoft Visual Studio Solution File, Format Version 12.00
# Visual Studio Version 17
VisualStudioVersion = 17.8.34525.116
MinimumVisualStudioVersion = 10.0.40219.1
Project("{FAE04EC0-301F-11D3-BF4B-00C04F79EFBC}") = "CopyFilesUtility", "CopyFilesUtility\CopyFilesUtility.csproj", "{830AA1A4-9AA3-442D-82AB-2BBEA1DD4360}"
EndProject
Global
	GlobalSection(SolutionConfigurationPlatforms) = preSolution
		Debug|Any CPU = Debug|Any CPU
		Release|Any CPU = Release|Any CPU
	EndGlobalSection
	GlobalSection(ProjectConfigurationPlatforms) = postSolution
		{830AA1A4-9AA3-442D-82AB-2BBEA1DD4360}.Debug|Any CPU.ActiveCfg = Debug|Any CPU
		{830AA1A4-9AA3-442D-82AB-2BBEA1DD4360}.Debug|Any CPU.Build.0 = Debug|Any CPU
		{830AA1A4-9AA3-442D-82AB-2BBEA1DD4360}.Release|Any CPU.ActiveCfg = Release|Any CPU
		{830AA1A4-9AA3-442D-82AB-2BBEA1DD4360}.Release|Any CPU.Build.0 = Release|Any CPU
	EndGlobalSection
	GlobalSection(SolutionProperties) = preSolution
		HideSolutionNode = FALSE
	EndGlobalSection
	GlobalSection(ExtensibilityGlobals) = postSolution
		SolutionGuid = {3A3D2C19-4420-4F43-B52A-2B2D673BAEF0}
	EndGlobalSection
EndGlobal
